
Microsoft Visual Studio Solution File, Format Version 12.00
# Visual Studio Version 17
VisualStudioVersion = 17.10.35122.118
MinimumVisualStudioVersion = 10.0.40219.1
Project("{FAE04EC0-301F-11D3-BF4B-00C04F79EFBC}") = "Pharm_Project", "Pharm_Project.csproj", "{02F64635-A2CE-4846-9748-8B5223758F24}"
EndProject
Global
	GlobalSection(SolutionConfigurationPlatforms) = preSolution
		Debug|Any CPU = Debug|Any CPU
		Release|Any CPU = Release|Any CPU
	EndGlobalSection
	GlobalSection(ProjectConfigurationPlatforms) = postSolution
		{02F64635-A2CE-4846-9748-8B5223758F24}.Debug|Any CPU.ActiveCfg = Debug|Any CPU
		{02F64635-A2CE-4846-9748-8B5223758F24}.Debug|Any CPU.Build.0 = Debug|Any CPU
		{02F64635-A2CE-4846-9748-8B5223758F24}.Release|Any CPU.ActiveCfg = Release|Any CPU
		{02F64635-A2CE-4846-9748-8B5223758F24}.Release|Any CPU.Build.0 = Release|Any CPU
	EndGlobalSection
	GlobalSection(SolutionProperties) = preSolution
		HideSolutionNode = FALSE
	EndGlobalSection
	GlobalSection(ExtensibilityGlobals) = postSolution
		SolutionGuid = {A7B98D8F-5309-4F93-87E4-0C6688B33520}
	EndGlobalSection
EndGlobal
